// !$*UTF8*$!
{
	archiveVersion = 1;
	classes = {
	};
	objectVersion = 55;
	objects = {

/* Begin PBXBuildFile section */
		1F49506E27CDAC1600E903DA /* ProfileViewController.swift in Sources */ = {isa = PBXBuildFile; fileRef = 1F49506D27CDAC1600E903DA /* ProfileViewController.swift */; };
		1F7111C627C99E5B00B5F46D /* AppDelegate.swift in Sources */ = {isa = PBXBuildFile; fileRef = 1F7111C527C99E5B00B5F46D /* AppDelegate.swift */; };
		1F7111C827C99E5B00B5F46D /* SceneDelegate.swift in Sources */ = {isa = PBXBuildFile; fileRef = 1F7111C727C99E5B00B5F46D /* SceneDelegate.swift */; };
		1F7111CA27C99E5B00B5F46D /* MainViewController.swift in Sources */ = {isa = PBXBuildFile; fileRef = 1F7111C927C99E5B00B5F46D /* MainViewController.swift */; };
		1F7111CD27C99E5B00B5F46D /* Main.storyboard in Resources */ = {isa = PBXBuildFile; fileRef = 1F7111CB27C99E5B00B5F46D /* Main.storyboard */; };
		1F7111D027C99E5B00B5F46D /* PetFinder.xcdatamodeld in Sources */ = {isa = PBXBuildFile; fileRef = 1F7111CE27C99E5B00B5F46D /* PetFinder.xcdatamodeld */; };
		1F7111D227C99E5C00B5F46D /* Assets.xcassets in Resources */ = {isa = PBXBuildFile; fileRef = 1F7111D127C99E5C00B5F46D /* Assets.xcassets */; };
		1F7111D527C99E5C00B5F46D /* LaunchScreen.storyboard in Resources */ = {isa = PBXBuildFile; fileRef = 1F7111D327C99E5C00B5F46D /* LaunchScreen.storyboard */; };
		1FAEE70627DC636100C15890 /* UIStoryboard+Utils.swift in Sources */ = {isa = PBXBuildFile; fileRef = 1FAEE70527DC636100C15890 /* UIStoryboard+Utils.swift */; };
		1FAEE70827DC6B5C00C15890 /* MapViewController.swift in Sources */ = {isa = PBXBuildFile; fileRef = 1FAEE70727DC6B5C00C15890 /* MapViewController.swift */; };
		1FBE7F3927CA8874009FE0FA /* PetViewController.swift in Sources */ = {isa = PBXBuildFile; fileRef = 1FBE7F3827CA8874009FE0FA /* PetViewController.swift */; };
		1FCB40FC27CAA1360007C14B /* AddPetTableViewController.swift in Sources */ = {isa = PBXBuildFile; fileRef = 1FCB40FB27CAA1360007C14B /* AddPetTableViewController.swift */; };
		1FCDB97B27C9A7280042162E /* PetCell.swift in Sources */ = {isa = PBXBuildFile; fileRef = 1FCDB97A27C9A7280042162E /* PetCell.swift */; };
		1FEFF09127CC810700771373 /* LoginViewController.swift in Sources */ = {isa = PBXBuildFile; fileRef = 1FEFF09027CC810600771373 /* LoginViewController.swift */; };
		1FEFF09327CC93E400771373 /* SignUpViewController.swift in Sources */ = {isa = PBXBuildFile; fileRef = 1FEFF09227CC93E400771373 /* SignUpViewController.swift */; };
		1FEFF09527CC93EF00771373 /* WelcomeViewController.swift in Sources */ = {isa = PBXBuildFile; fileRef = 1FEFF09427CC93EF00771373 /* WelcomeViewController.swift */; };
		1FEFF09827CC9E3B00771373 /* FirebaseAuth in Frameworks */ = {isa = PBXBuildFile; productRef = 1FEFF09727CC9E3B00771373 /* FirebaseAuth */; };
		1FEFF09A27CC9E5400771373 /* GoogleService-Info.plist in Resources */ = {isa = PBXBuildFile; fileRef = 1FEFF09927CC9E5400771373 /* GoogleService-Info.plist */; };
		1FEFF09C27CCC23300771373 /* Utilities.swift in Sources */ = {isa = PBXBuildFile; fileRef = 1FEFF09B27CCC23300771373 /* Utilities.swift */; };
		1FEFF09F27CCCFC300771373 /* FirebaseFirestore in Frameworks */ = {isa = PBXBuildFile; productRef = 1FEFF09E27CCCFC300771373 /* FirebaseFirestore */; };
		1FF8135C27CE407E00683E77 /* hatiko.mp4 in Resources */ = {isa = PBXBuildFile; fileRef = 1FF8135B27CE407E00683E77 /* hatiko.mp4 */; };
/* End PBXBuildFile section */

/* Begin PBXFileReference section */
		1F49506D27CDAC1600E903DA /* ProfileViewController.swift */ = {isa = PBXFileReference; lastKnownFileType = sourcecode.swift; path = ProfileViewController.swift; sourceTree = "<group>"; };
		1F7111C227C99E5B00B5F46D /* PetFinder.app */ = {isa = PBXFileReference; explicitFileType = wrapper.application; includeInIndex = 0; path = PetFinder.app; sourceTree = BUILT_PRODUCTS_DIR; };
		1F7111C527C99E5B00B5F46D /* AppDelegate.swift */ = {isa = PBXFileReference; lastKnownFileType = sourcecode.swift; path = AppDelegate.swift; sourceTree = "<group>"; };
		1F7111C727C99E5B00B5F46D /* SceneDelegate.swift */ = {isa = PBXFileReference; lastKnownFileType = sourcecode.swift; path = SceneDelegate.swift; sourceTree = "<group>"; };
		1F7111C927C99E5B00B5F46D /* MainViewController.swift */ = {isa = PBXFileReference; lastKnownFileType = sourcecode.swift; path = MainViewController.swift; sourceTree = "<group>"; };
		1F7111CC27C99E5B00B5F46D /* Base */ = {isa = PBXFileReference; lastKnownFileType = file.storyboard; name = Base; path = Base.lproj/Main.storyboard; sourceTree = "<group>"; };
		1F7111CF27C99E5B00B5F46D /* PetFinder.xcdatamodel */ = {isa = PBXFileReference; lastKnownFileType = wrapper.xcdatamodel; path = PetFinder.xcdatamodel; sourceTree = "<group>"; };
		1F7111D127C99E5C00B5F46D /* Assets.xcassets */ = {isa = PBXFileReference; lastKnownFileType = folder.assetcatalog; path = Assets.xcassets; sourceTree = "<group>"; };
		1F7111D427C99E5C00B5F46D /* Base */ = {isa = PBXFileReference; lastKnownFileType = file.storyboard; name = Base; path = Base.lproj/LaunchScreen.storyboard; sourceTree = "<group>"; };
		1F7111D627C99E5C00B5F46D /* Info.plist */ = {isa = PBXFileReference; lastKnownFileType = text.plist.xml; path = Info.plist; sourceTree = "<group>"; };
		1FAEE70527DC636100C15890 /* UIStoryboard+Utils.swift */ = {isa = PBXFileReference; fileEncoding = 4; lastKnownFileType = sourcecode.swift; path = "UIStoryboard+Utils.swift"; sourceTree = "<group>"; };
		1FAEE70727DC6B5C00C15890 /* MapViewController.swift */ = {isa = PBXFileReference; lastKnownFileType = sourcecode.swift; path = MapViewController.swift; sourceTree = "<group>"; };
		1FBE7F3827CA8874009FE0FA /* PetViewController.swift */ = {isa = PBXFileReference; lastKnownFileType = sourcecode.swift; path = PetViewController.swift; sourceTree = "<group>"; };
		1FCB40FB27CAA1360007C14B /* AddPetTableViewController.swift */ = {isa = PBXFileReference; lastKnownFileType = sourcecode.swift; path = AddPetTableViewController.swift; sourceTree = "<group>"; };
		1FCDB97A27C9A7280042162E /* PetCell.swift */ = {isa = PBXFileReference; lastKnownFileType = sourcecode.swift; path = PetCell.swift; sourceTree = "<group>"; };
		1FEFF09027CC810600771373 /* LoginViewController.swift */ = {isa = PBXFileReference; lastKnownFileType = sourcecode.swift; path = LoginViewController.swift; sourceTree = "<group>"; };
		1FEFF09227CC93E400771373 /* SignUpViewController.swift */ = {isa = PBXFileReference; lastKnownFileType = sourcecode.swift; path = SignUpViewController.swift; sourceTree = "<group>"; };
		1FEFF09427CC93EF00771373 /* WelcomeViewController.swift */ = {isa = PBXFileReference; lastKnownFileType = sourcecode.swift; path = WelcomeViewController.swift; sourceTree = "<group>"; };
		1FEFF09927CC9E5400771373 /* GoogleService-Info.plist */ = {isa = PBXFileReference; fileEncoding = 4; lastKnownFileType = text.plist.xml; path = "GoogleService-Info.plist"; sourceTree = "<group>"; };
		1FEFF09B27CCC23300771373 /* Utilities.swift */ = {isa = PBXFileReference; fileEncoding = 4; lastKnownFileType = sourcecode.swift; path = Utilities.swift; sourceTree = "<group>"; };
		1FF8135B27CE407E00683E77 /* hatiko.mp4 */ = {isa = PBXFileReference; lastKnownFileType = file; path = hatiko.mp4; sourceTree = "<group>"; };
/* End PBXFileReference section */

/* Begin PBXFrameworksBuildPhase section */
		1F7111BF27C99E5B00B5F46D /* Frameworks */ = {
			isa = PBXFrameworksBuildPhase;
			buildActionMask = 2147483647;
			files = (
				1FEFF09827CC9E3B00771373 /* FirebaseAuth in Frameworks */,
				1FEFF09F27CCCFC300771373 /* FirebaseFirestore in Frameworks */,
			);
			runOnlyForDeploymentPostprocessing = 0;
		};
/* End PBXFrameworksBuildPhase section */

/* Begin PBXGroup section */
		1F7111B927C99E5B00B5F46D = {
			isa = PBXGroup;
			children = (
				1F7111C427C99E5B00B5F46D /* PetFinder */,
				1F7111C327C99E5B00B5F46D /* Products */,
				1FEFF09D27CCCFC300771373 /* Frameworks */,
			);
			sourceTree = "<group>";
		};
		1F7111C327C99E5B00B5F46D /* Products */ = {
			isa = PBXGroup;
			children = (
				1F7111C227C99E5B00B5F46D /* PetFinder.app */,
			);
			name = Products;
			sourceTree = "<group>";
		};
		1F7111C427C99E5B00B5F46D /* PetFinder */ = {
			isa = PBXGroup;
			children = (
				1F7111C527C99E5B00B5F46D /* AppDelegate.swift */,
				1F7111C727C99E5B00B5F46D /* SceneDelegate.swift */,
				1F7111C927C99E5B00B5F46D /* MainViewController.swift */,
				1FAEE70727DC6B5C00C15890 /* MapViewController.swift */,
				1FCDB97A27C9A7280042162E /* PetCell.swift */,
				1FBE7F3827CA8874009FE0FA /* PetViewController.swift */,
				1FCB40FB27CAA1360007C14B /* AddPetTableViewController.swift */,
				1FEFF09027CC810600771373 /* LoginViewController.swift */,
				1FEFF09227CC93E400771373 /* SignUpViewController.swift */,
				1FEFF09427CC93EF00771373 /* WelcomeViewController.swift */,
				1F49506D27CDAC1600E903DA /* ProfileViewController.swift */,
				1FEFF09B27CCC23300771373 /* Utilities.swift */,
				1FAEE70527DC636100C15890 /* UIStoryboard+Utils.swift */,
				1F7111CB27C99E5B00B5F46D /* Main.storyboard */,
				1F7111D127C99E5C00B5F46D /* Assets.xcassets */,
				1F7111D327C99E5C00B5F46D /* LaunchScreen.storyboard */,
				1FF8135B27CE407E00683E77 /* hatiko.mp4 */,
				1FEFF09927CC9E5400771373 /* GoogleService-Info.plist */,
				1F7111D627C99E5C00B5F46D /* Info.plist */,
				1F7111CE27C99E5B00B5F46D /* PetFinder.xcdatamodeld */,
			);
			path = PetFinder;
			sourceTree = "<group>";
		};
		1FEFF09D27CCCFC300771373 /* Frameworks */ = {
			isa = PBXGroup;
			children = (
			);
			name = Frameworks;
			sourceTree = "<group>";
		};
/* End PBXGroup section */

/* Begin PBXNativeTarget section */
		1F7111C127C99E5B00B5F46D /* PetFinder */ = {
			isa = PBXNativeTarget;
			buildConfigurationList = 1F7111D927C99E5C00B5F46D /* Build configuration list for PBXNativeTarget "PetFinder" */;
			buildPhases = (
				1F7111BE27C99E5B00B5F46D /* Sources */,
				1F7111BF27C99E5B00B5F46D /* Frameworks */,
				1F7111C027C99E5B00B5F46D /* Resources */,
			);
			buildRules = (
			);
			dependencies = (
			);
			name = PetFinder;
			packageProductDependencies = (
				1FEFF09727CC9E3B00771373 /* FirebaseAuth */,
				1FEFF09E27CCCFC300771373 /* FirebaseFirestore */,
			);
			productName = PetFinder;
			productReference = 1F7111C227C99E5B00B5F46D /* PetFinder.app */;
			productType = "com.apple.product-type.application";
		};
/* End PBXNativeTarget section */

/* Begin PBXProject section */
		1F7111BA27C99E5B00B5F46D /* Project object */ = {
			isa = PBXProject;
			attributes = {
				BuildIndependentTargetsInParallel = 1;
				LastSwiftUpdateCheck = 1320;
				LastUpgradeCheck = 1320;
				TargetAttributes = {
					1F7111C127C99E5B00B5F46D = {
						CreatedOnToolsVersion = 13.2.1;
					};
				};
			};
			buildConfigurationList = 1F7111BD27C99E5B00B5F46D /* Build configuration list for PBXProject "PetFinder" */;
			compatibilityVersion = "Xcode 13.0";
			developmentRegion = en;
			hasScannedForEncodings = 0;
			knownRegions = (
				en,
				Base,
			);
			mainGroup = 1F7111B927C99E5B00B5F46D;
			packageReferences = (
				1FEFF09627CC9E3B00771373 /* XCRemoteSwiftPackageReference "firebase-ios-sdk" */,
			);
			productRefGroup = 1F7111C327C99E5B00B5F46D /* Products */;
			projectDirPath = "";
			projectRoot = "";
			targets = (
				1F7111C127C99E5B00B5F46D /* PetFinder */,
			);
		};
/* End PBXProject section */

/* Begin PBXResourcesBuildPhase section */
		1F7111C027C99E5B00B5F46D /* Resources */ = {
			isa = PBXResourcesBuildPhase;
			buildActionMask = 2147483647;
			files = (
				1F7111D527C99E5C00B5F46D /* LaunchScreen.storyboard in Resources */,
				1FEFF09A27CC9E5400771373 /* GoogleService-Info.plist in Resources */,
				1FF8135C27CE407E00683E77 /* hatiko.mp4 in Resources */,
				1F7111D227C99E5C00B5F46D /* Assets.xcassets in Resources */,
				1F7111CD27C99E5B00B5F46D /* Main.storyboard in Resources */,
			);
			runOnlyForDeploymentPostprocessing = 0;
		};
/* End PBXResourcesBuildPhase section */

/* Begin PBXSourcesBuildPhase section */
		1F7111BE27C99E5B00B5F46D /* Sources */ = {
			isa = PBXSourcesBuildPhase;
			buildActionMask = 2147483647;
			files = (
				1F7111CA27C99E5B00B5F46D /* MainViewController.swift in Sources */,
				1FEFF09527CC93EF00771373 /* WelcomeViewController.swift in Sources */,
				1FEFF09C27CCC23300771373 /* Utilities.swift in Sources */,
				1FCDB97B27C9A7280042162E /* PetCell.swift in Sources */,
				1FAEE70627DC636100C15890 /* UIStoryboard+Utils.swift in Sources */,
				1FCB40FC27CAA1360007C14B /* AddPetTableViewController.swift in Sources */,
				1F7111C627C99E5B00B5F46D /* AppDelegate.swift in Sources */,
				1F49506E27CDAC1600E903DA /* ProfileViewController.swift in Sources */,
				1FEFF09127CC810700771373 /* LoginViewController.swift in Sources */,
				1F7111C827C99E5B00B5F46D /* SceneDelegate.swift in Sources */,
				1FEFF09327CC93E400771373 /* SignUpViewController.swift in Sources */,
				1FBE7F3927CA8874009FE0FA /* PetViewController.swift in Sources */,
				1F7111D027C99E5B00B5F46D /* PetFinder.xcdatamodeld in Sources */,
				1FAEE70827DC6B5C00C15890 /* MapViewController.swift in Sources */,
			);
			runOnlyForDeploymentPostprocessing = 0;
		};
/* End PBXSourcesBuildPhase section */

/* Begin PBXVariantGroup section */
		1F7111CB27C99E5B00B5F46D /* Main.storyboard */ = {
			isa = PBXVariantGroup;
			children = (
				1F7111CC27C99E5B00B5F46D /* Base */,
			);
			name = Main.storyboard;
			sourceTree = "<group>";
		};
		1F7111D327C99E5C00B5F46D /* LaunchScreen.storyboard */ = {
			isa = PBXVariantGroup;
			children = (
				1F7111D427C99E5C00B5F46D /* Base */,
			);
			name = LaunchScreen.storyboard;
			sourceTree = "<group>";
		};
/* End PBXVariantGroup section */

/* Begin XCBuildConfiguration section */
		1F7111D727C99E5C00B5F46D /* Debug */ = {
			isa = XCBuildConfiguration;
			buildSettings = {
				ALWAYS_SEARCH_USER_PATHS = NO;
				CLANG_ANALYZER_NONNULL = YES;
				CLANG_ANALYZER_NUMBER_OBJECT_CONVERSION = YES_AGGRESSIVE;
				CLANG_CXX_LANGUAGE_STANDARD = "gnu++17";
				CLANG_CXX_LIBRARY = "libc++";
				CLANG_ENABLE_MODULES = YES;
				CLANG_ENABLE_OBJC_ARC = YES;
				CLANG_ENABLE_OBJC_WEAK = YES;
				CLANG_WARN_BLOCK_CAPTURE_AUTORELEASING = YES;
				CLANG_WARN_BOOL_CONVERSION = YES;
				CLANG_WARN_COMMA = YES;
				CLANG_WARN_CONSTANT_CONVERSION = YES;
				CLANG_WARN_DEPRECATED_OBJC_IMPLEMENTATIONS = YES;
				CLANG_WARN_DIRECT_OBJC_ISA_USAGE = YES_ERROR;
				CLANG_WARN_DOCUMENTATION_COMMENTS = YES;
				CLANG_WARN_EMPTY_BODY = YES;
				CLANG_WARN_ENUM_CONVERSION = YES;
				CLANG_WARN_INFINITE_RECURSION = YES;
				CLANG_WARN_INT_CONVERSION = YES;
				CLANG_WARN_NON_LITERAL_NULL_CONVERSION = YES;
				CLANG_WARN_OBJC_IMPLICIT_RETAIN_SELF = YES;
				CLANG_WARN_OBJC_LITERAL_CONVERSION = YES;
				CLANG_WARN_OBJC_ROOT_CLASS = YES_ERROR;
				CLANG_WARN_QUOTED_INCLUDE_IN_FRAMEWORK_HEADER = YES;
				CLANG_WARN_RANGE_LOOP_ANALYSIS = YES;
				CLANG_WARN_STRICT_PROTOTYPES = YES;
				CLANG_WARN_SUSPICIOUS_MOVE = YES;
				CLANG_WARN_UNGUARDED_AVAILABILITY = YES_AGGRESSIVE;
				CLANG_WARN_UNREACHABLE_CODE = YES;
				CLANG_WARN__DUPLICATE_METHOD_MATCH = YES;
				COPY_PHASE_STRIP = NO;
				DEBUG_INFORMATION_FORMAT = dwarf;
				ENABLE_STRICT_OBJC_MSGSEND = YES;
				ENABLE_TESTABILITY = YES;
				GCC_C_LANGUAGE_STANDARD = gnu11;
				GCC_DYNAMIC_NO_PIC = NO;
				GCC_NO_COMMON_BLOCKS = YES;
				GCC_OPTIMIZATION_LEVEL = 0;
				GCC_PREPROCESSOR_DEFINITIONS = (
					"DEBUG=1",
					"$(inherited)",
				);
				GCC_WARN_64_TO_32_BIT_CONVERSION = YES;
				GCC_WARN_ABOUT_RETURN_TYPE = YES_ERROR;
				GCC_WARN_UNDECLARED_SELECTOR = YES;
				GCC_WARN_UNINITIALIZED_AUTOS = YES_AGGRESSIVE;
				GCC_WARN_UNUSED_FUNCTION = YES;
				GCC_WARN_UNUSED_VARIABLE = YES;
				IPHONEOS_DEPLOYMENT_TARGET = 13.0;
				MTL_ENABLE_DEBUG_INFO = INCLUDE_SOURCE;
				MTL_FAST_MATH = YES;
				ONLY_ACTIVE_ARCH = YES;
				SDKROOT = iphoneos;
				SWIFT_ACTIVE_COMPILATION_CONDITIONS = DEBUG;
				SWIFT_OPTIMIZATION_LEVEL = "-Onone";
			};
			name = Debug;
		};
		1F7111D827C99E5C00B5F46D /* Release */ = {
			isa = XCBuildConfiguration;
			buildSettings = {
				ALWAYS_SEARCH_USER_PATHS = NO;
				CLANG_ANALYZER_NONNULL = YES;
				CLANG_ANALYZER_NUMBER_OBJECT_CONVERSION = YES_AGGRESSIVE;
				CLANG_CXX_LANGUAGE_STANDARD = "gnu++17";
				CLANG_CXX_LIBRARY = "libc++";
				CLANG_ENABLE_MODULES = YES;
				CLANG_ENABLE_OBJC_ARC = YES;
				CLANG_ENABLE_OBJC_WEAK = YES;
				CLANG_WARN_BLOCK_CAPTURE_AUTORELEASING = YES;
				CLANG_WARN_BOOL_CONVERSION = YES;
				CLANG_WARN_COMMA = YES;
				CLANG_WARN_CONSTANT_CONVERSION = YES;
				CLANG_WARN_DEPRECATED_OBJC_IMPLEMENTATIONS = YES;
				CLANG_WARN_DIRECT_OBJC_ISA_USAGE = YES_ERROR;
				CLANG_WARN_DOCUMENTATION_COMMENTS = YES;
				CLANG_WARN_EMPTY_BODY = YES;
				CLANG_WARN_ENUM_CONVERSION = YES;
				CLANG_WARN_INFINITE_RECURSION = YES;
				CLANG_WARN_INT_CONVERSION = YES;
				CLANG_WARN_NON_LITERAL_NULL_CONVERSION = YES;
				CLANG_WARN_OBJC_IMPLICIT_RETAIN_SELF = YES;
				CLANG_WARN_OBJC_LITERAL_CONVERSION = YES;
				CLANG_WARN_OBJC_ROOT_CLASS = YES_ERROR;
				CLANG_WARN_QUOTED_INCLUDE_IN_FRAMEWORK_HEADER = YES;
				CLANG_WARN_RANGE_LOOP_ANALYSIS = YES;
				CLANG_WARN_STRICT_PROTOTYPES = YES;
				CLANG_WARN_SUSPICIOUS_MOVE = YES;
				CLANG_WARN_UNGUARDED_AVAILABILITY = YES_AGGRESSIVE;
				CLANG_WARN_UNREACHABLE_CODE = YES;
				CLANG_WARN__DUPLICATE_METHOD_MATCH = YES;
				COPY_PHASE_STRIP = NO;
				DEBUG_INFORMATION_FORMAT = "dwarf-with-dsym";
				ENABLE_NS_ASSERTIONS = NO;
				ENABLE_STRICT_OBJC_MSGSEND = YES;
				GCC_C_LANGUAGE_STANDARD = gnu11;
				GCC_NO_COMMON_BLOCKS = YES;
				GCC_WARN_64_TO_32_BIT_CONVERSION = YES;
				GCC_WARN_ABOUT_RETURN_TYPE = YES_ERROR;
				GCC_WARN_UNDECLARED_SELECTOR = YES;
				GCC_WARN_UNINITIALIZED_AUTOS = YES_AGGRESSIVE;
				GCC_WARN_UNUSED_FUNCTION = YES;
				GCC_WARN_UNUSED_VARIABLE = YES;
				IPHONEOS_DEPLOYMENT_TARGET = 13.0;
				MTL_ENABLE_DEBUG_INFO = NO;
				MTL_FAST_MATH = YES;
				SDKROOT = iphoneos;
				SWIFT_COMPILATION_MODE = wholemodule;
				SWIFT_OPTIMIZATION_LEVEL = "-O";
				VALIDATE_PRODUCT = YES;
			};
			name = Release;
		};
		1F7111DA27C99E5C00B5F46D /* Debug */ = {
			isa = XCBuildConfiguration;
			buildSettings = {
				ASSETCATALOG_COMPILER_APPICON_NAME = AppIcon;
				ASSETCATALOG_COMPILER_GLOBAL_ACCENT_COLOR_NAME = AccentColor;
				CODE_SIGN_STYLE = Automatic;
				CURRENT_PROJECT_VERSION = 1;
				DEVELOPMENT_TEAM = 5R2MJZF352;
				GENERATE_INFOPLIST_FILE = YES;
				INFOPLIST_FILE = PetFinder/Info.plist;
				INFOPLIST_KEY_NSPhotoLibraryAddUsageDescription = "Our application needs your permission to write photos to your photo library";
				INFOPLIST_KEY_UIApplicationSupportsIndirectInputEvents = YES;
				INFOPLIST_KEY_UILaunchStoryboardName = LaunchScreen;
				INFOPLIST_KEY_UIMainStoryboardFile = Main;
				INFOPLIST_KEY_UISupportedInterfaceOrientations_iPad = "UIInterfaceOrientationPortrait UIInterfaceOrientationPortraitUpsideDown UIInterfaceOrientationLandscapeLeft UIInterfaceOrientationLandscapeRight";
				INFOPLIST_KEY_UISupportedInterfaceOrientations_iPhone = "UIInterfaceOrientationPortrait UIInterfaceOrientationLandscapeLeft UIInterfaceOrientationLandscapeRight";
				LD_RUNPATH_SEARCH_PATHS = (
					"$(inherited)",
					"@executable_path/Frameworks",
				);
				MARKETING_VERSION = 1.0;
				PRODUCT_BUNDLE_IDENTIFIER = ru.ilines.nsu.PetFinder;
				PRODUCT_NAME = "$(TARGET_NAME)";
				SWIFT_EMIT_LOC_STRINGS = YES;
				SWIFT_VERSION = 5.0;
				TARGETED_DEVICE_FAMILY = "1,2";
			};
			name = Debug;
		};
		1F7111DB27C99E5C00B5F46D /* Release */ = {
			isa = XCBuildConfiguration;
			buildSettings = {
				ASSETCATALOG_COMPILER_APPICON_NAME = AppIcon;
				ASSETCATALOG_COMPILER_GLOBAL_ACCENT_COLOR_NAME = AccentColor;
				CODE_SIGN_STYLE = Automatic;
				CURRENT_PROJECT_VERSION = 1;
				DEVELOPMENT_TEAM = 5R2MJZF352;
				GENERATE_INFOPLIST_FILE = YES;
				INFOPLIST_FILE = PetFinder/Info.plist;
				INFOPLIST_KEY_NSPhotoLibraryAddUsageDescription = "Our application needs your permission to write photos to your photo library";
				INFOPLIST_KEY_UIApplicationSupportsIndirectInputEvents = YES;
				INFOPLIST_KEY_UILaunchStoryboardName = LaunchScreen;
				INFOPLIST_KEY_UIMainStoryboardFile = Main;
				INFOPLIST_KEY_UISupportedInterfaceOrientations_iPad = "UIInterfaceOrientationPortrait UIInterfaceOrientationPortraitUpsideDown UIInterfaceOrientationLandscapeLeft UIInterfaceOrientationLandscapeRight";
				INFOPLIST_KEY_UISupportedInterfaceOrientations_iPhone = "UIInterfaceOrientationPortrait UIInterfaceOrientationLandscapeLeft UIInterfaceOrientationLandscapeRight";
				LD_RUNPATH_SEARCH_PATHS = (
					"$(inherited)",
					"@executable_path/Frameworks",
				);
				MARKETING_VERSION = 1.0;
				PRODUCT_BUNDLE_IDENTIFIER = ru.ilines.nsu.PetFinder;
				PRODUCT_NAME = "$(TARGET_NAME)";
				SWIFT_EMIT_LOC_STRINGS = YES;
				SWIFT_VERSION = 5.0;
				TARGETED_DEVICE_FAMILY = "1,2";
			};
			name = Release;
		};
/* End XCBuildConfiguration section */

/* Begin XCConfigurationList section */
		1F7111BD27C99E5B00B5F46D /* Build configuration list for PBXProject "PetFinder" */ = {
			isa = XCConfigurationList;
			buildConfigurations = (
				1F7111D727C99E5C00B5F46D /* Debug */,
				1F7111D827C99E5C00B5F46D /* Release */,
			);
			defaultConfigurationIsVisible = 0;
			defaultConfigurationName = Release;
		};
		1F7111D927C99E5C00B5F46D /* Build configuration list for PBXNativeTarget "PetFinder" */ = {
			isa = XCConfigurationList;
			buildConfigurations = (
				1F7111DA27C99E5C00B5F46D /* Debug */,
				1F7111DB27C99E5C00B5F46D /* Release */,
			);
			defaultConfigurationIsVisible = 0;
			defaultConfigurationName = Release;
		};
/* End XCConfigurationList section */

/* Begin XCRemoteSwiftPackageReference section */
		1FEFF09627CC9E3B00771373 /* XCRemoteSwiftPackageReference "firebase-ios-sdk" */ = {
			isa = XCRemoteSwiftPackageReference;
			repositoryURL = "https://github.com/firebase/firebase-ios-sdk";
			requirement = {
				branch = master;
				kind = branch;
			};
		};
/* End XCRemoteSwiftPackageReference section */

/* Begin XCSwiftPackageProductDependency section */
		1FEFF09727CC9E3B00771373 /* FirebaseAuth */ = {
			isa = XCSwiftPackageProductDependency;
			package = 1FEFF09627CC9E3B00771373 /* XCRemoteSwiftPackageReference "firebase-ios-sdk" */;
			productName = FirebaseAuth;
		};
		1FEFF09E27CCCFC300771373 /* FirebaseFirestore */ = {
			isa = XCSwiftPackageProductDependency;
			package = 1FEFF09627CC9E3B00771373 /* XCRemoteSwiftPackageReference "firebase-ios-sdk" */;
			productName = FirebaseFirestore;
		};
/* End XCSwiftPackageProductDependency section */

/* Begin XCVersionGroup section */
		1F7111CE27C99E5B00B5F46D /* PetFinder.xcdatamodeld */ = {
			isa = XCVersionGroup;
			children = (
				1F7111CF27C99E5B00B5F46D /* PetFinder.xcdatamodel */,
			);
			currentVersion = 1F7111CF27C99E5B00B5F46D /* PetFinder.xcdatamodel */;
			path = PetFinder.xcdatamodeld;
			sourceTree = "<group>";
			versionGroupType = wrapper.xcdatamodel;
		};
/* End XCVersionGroup section */
	};
	rootObject = 1F7111BA27C99E5B00B5F46D /* Project object */;
}
